// !$*UTF8*$!
{
	archiveVersion = 1;
	classes = {
	};
	objectVersion = 50;
	objects = {

/* Begin PBXBuildFile section */
		6F1702A825A5BFD4005E849C /* RotatingDragApp.swift in Sources */ = {isa = PBXBuildFile; fileRef = 6F1702A725A5BFD4005E849C /* RotatingDragApp.swift */; };
		6F1702AA25A5BFD4005E849C /* ContentView.swift in Sources */ = {isa = PBXBuildFile; fileRef = 6F1702A925A5BFD4005E849C /* ContentView.swift */; };
		6F1702AC25A5BFD5005E849C /* Assets.xcassets in Resources */ = {isa = PBXBuildFile; fileRef = 6F1702AB25A5BFD5005E849C /* Assets.xcassets */; };
		6F1702AF25A5BFD5005E849C /* Preview Assets.xcassets in Resources */ = {isa = PBXBuildFile; fileRef = 6F1702AE25A5BFD5005E849C /* Preview Assets.xcassets */; };
		6F1702BA25A5BFD5005E849C /* RotatingDragTests.swift in Sources */ = {isa = PBXBuildFile; fileRef = 6F1702B925A5BFD5005E849C /* RotatingDragTests.swift */; };
		6F1702C525A5BFD5005E849C /* RotatingDragUITests.swift in Sources */ = {isa = PBXBuildFile; fileRef = 6F1702C425A5BFD5005E849C /* RotatingDragUITests.swift */; };
		6F1702D625A5BFFB005E849C /* KnobView.swift in Sources */ = {isa = PBXBuildFile; fileRef = 6F1702D525A5BFFB005E849C /* KnobView.swift */; };
/* End PBXBuildFile section */

/* Begin PBXContainerItemProxy section */
		6F1702B625A5BFD5005E849C /* PBXContainerItemProxy */ = {
			isa = PBXContainerItemProxy;
			containerPortal = 6F17029C25A5BFD4005E849C /* Project object */;
			proxyType = 1;
			remoteGlobalIDString = 6F1702A325A5BFD4005E849C;
			remoteInfo = RotatingDrag;
		};
		6F1702C125A5BFD5005E849C /* PBXContainerItemProxy */ = {
			isa = PBXContainerItemProxy;
			containerPortal = 6F17029C25A5BFD4005E849C /* Project object */;
			proxyType = 1;
			remoteGlobalIDString = 6F1702A325A5BFD4005E849C;
			remoteInfo = RotatingDrag;
		};
/* End PBXContainerItemProxy section */

/* Begin PBXFileReference section */
		6F1702A425A5BFD4005E849C /* RotatingDrag.app */ = {isa = PBXFileReference; explicitFileType = wrapper.application; includeInIndex = 0; path = RotatingDrag.app; sourceTree = BUILT_PRODUCTS_DIR; };
		6F1702A725A5BFD4005E849C /* RotatingDragApp.swift */ = {isa = PBXFileReference; lastKnownFileType = sourcecode.swift; path = RotatingDragApp.swift; sourceTree = "<group>"; };
		6F1702A925A5BFD4005E849C /* ContentView.swift */ = {isa = PBXFileReference; lastKnownFileType = sourcecode.swift; path = ContentView.swift; sourceTree = "<group>"; };
		6F1702AB25A5BFD5005E849C /* Assets.xcassets */ = {isa = PBXFileReference; lastKnownFileType = folder.assetcatalog; path = Assets.xcassets; sourceTree = "<group>"; };
		6F1702AE25A5BFD5005E849C /* Preview Assets.xcassets */ = {isa = PBXFileReference; lastKnownFileType = folder.assetcatalog; path = "Preview Assets.xcassets"; sourceTree = "<group>"; };
		6F1702B025A5BFD5005E849C /* Info.plist */ = {isa = PBXFileReference; lastKnownFileType = text.plist.xml; path = Info.plist; sourceTree = "<group>"; };
		6F1702B525A5BFD5005E849C /* RotatingDragTests.xctest */ = {isa = PBXFileReference; explicitFileType = wrapper.cfbundle; includeInIndex = 0; path = RotatingDragTests.xctest; sourceTree = BUILT_PRODUCTS_DIR; };
		6F1702B925A5BFD5005E849C /* RotatingDragTests.swift */ = {isa = PBXFileReference; lastKnownFileType = sourcecode.swift; path = RotatingDragTests.swift; sourceTree = "<group>"; };
		6F1702BB25A5BFD5005E849C /* Info.plist */ = {isa = PBXFileReference; lastKnownFileType = text.plist.xml; path = Info.plist; sourceTree = "<group>"; };
		6F1702C025A5BFD5005E849C /* RotatingDragUITests.xctest */ = {isa = PBXFileReference; explicitFileType = wrapper.cfbundle; includeInIndex = 0; path = RotatingDragUITests.xctest; sourceTree = BUILT_PRODUCTS_DIR; };
		6F1702C425A5BFD5005E849C /* RotatingDragUITests.swift */ = {isa = PBXFileReference; lastKnownFileType = sourcecode.swift; path = RotatingDragUITests.swift; sourceTree = "<group>"; };
		6F1702C625A5BFD5005E849C /* Info.plist */ = {isa = PBXFileReference; lastKnownFileType = text.plist.xml; path = Info.plist; sourceTree = "<group>"; };
		6F1702D525A5BFFB005E849C /* KnobView.swift */ = {isa = PBXFileReference; lastKnownFileType = sourcecode.swift; path = KnobView.swift; sourceTree = "<group>"; };
		6F1702DA25A65D08005E849C /* README.md */ = {isa = PBXFileReference; lastKnownFileType = net.daringfireball.markdown; path = README.md; sourceTree = "<group>"; };
		6F1702DB25A65E7B005E849C /* LICENSE */ = {isa = PBXFileReference; lastKnownFileType = text; path = LICENSE; sourceTree = "<group>"; };
/* End PBXFileReference section */

/* Begin PBXFrameworksBuildPhase section */
		6F1702A125A5BFD4005E849C /* Frameworks */ = {
			isa = PBXFrameworksBuildPhase;
			buildActionMask = 2147483647;
			files = (
			);
			runOnlyForDeploymentPostprocessing = 0;
		};
		6F1702B225A5BFD5005E849C /* Frameworks */ = {
			isa = PBXFrameworksBuildPhase;
			buildActionMask = 2147483647;
			files = (
			);
			runOnlyForDeploymentPostprocessing = 0;
		};
		6F1702BD25A5BFD5005E849C /* Frameworks */ = {
			isa = PBXFrameworksBuildPhase;
			buildActionMask = 2147483647;
			files = (
			);
			runOnlyForDeploymentPostprocessing = 0;
		};
/* End PBXFrameworksBuildPhase section */

/* Begin PBXGroup section */
		6F17029B25A5BFD4005E849C = {
			isa = PBXGroup;
			children = (
				6F1702DA25A65D08005E849C /* README.md */,
				6F1702DB25A65E7B005E849C /* LICENSE */,
				6F1702A625A5BFD4005E849C /* RotatingDrag */,
				6F1702B825A5BFD5005E849C /* RotatingDragTests */,
				6F1702C325A5BFD5005E849C /* RotatingDragUITests */,
				6F1702A525A5BFD4005E849C /* Products */,
			);
			sourceTree = "<group>";
		};
		6F1702A525A5BFD4005E849C /* Products */ = {
			isa = PBXGroup;
			children = (
				6F1702A425A5BFD4005E849C /* RotatingDrag.app */,
				6F1702B525A5BFD5005E849C /* RotatingDragTests.xctest */,
				6F1702C025A5BFD5005E849C /* RotatingDragUITests.xctest */,
			);
			name = Products;
			sourceTree = "<group>";
		};
		6F1702A625A5BFD4005E849C /* RotatingDrag */ = {
			isa = PBXGroup;
			children = (
				6F1702A725A5BFD4005E849C /* RotatingDragApp.swift */,
				6F1702A925A5BFD4005E849C /* ContentView.swift */,
				6F1702D525A5BFFB005E849C /* KnobView.swift */,
				6F1702AB25A5BFD5005E849C /* Assets.xcassets */,
				6F1702B025A5BFD5005E849C /* Info.plist */,
				6F1702AD25A5BFD5005E849C /* Preview Content */,
			);
			path = RotatingDrag;
			sourceTree = "<group>";
		};
		6F1702AD25A5BFD5005E849C /* Preview Content */ = {
			isa = PBXGroup;
			children = (
				6F1702AE25A5BFD5005E849C /* Preview Assets.xcassets */,
			);
			path = "Preview Content";
			sourceTree = "<group>";
		};
		6F1702B825A5BFD5005E849C /* RotatingDragTests */ = {
			isa = PBXGroup;
			children = (
				6F1702B925A5BFD5005E849C /* RotatingDragTests.swift */,
				6F1702BB25A5BFD5005E849C /* Info.plist */,
			);
			path = RotatingDragTests;
			sourceTree = "<group>";
		};
		6F1702C325A5BFD5005E849C /* RotatingDragUITests */ = {
			isa = PBXGroup;
			children = (
				6F1702C425A5BFD5005E849C /* RotatingDragUITests.swift */,
				6F1702C625A5BFD5005E849C /* Info.plist */,
			);
			path = RotatingDragUITests;
			sourceTree = "<group>";
		};
/* End PBXGroup section */

/* Begin PBXNativeTarget section */
		6F1702A325A5BFD4005E849C /* RotatingDrag */ = {
			isa = PBXNativeTarget;
			buildConfigurationList = 6F1702C925A5BFD5005E849C /* Build configuration list for PBXNativeTarget "RotatingDrag" */;
			buildPhases = (
				6F1702A025A5BFD4005E849C /* Sources */,
				6F1702A125A5BFD4005E849C /* Frameworks */,
				6F1702A225A5BFD4005E849C /* Resources */,
			);
			buildRules = (
			);
			dependencies = (
			);
			name = RotatingDrag;
			productName = RotatingDrag;
			productReference = 6F1702A425A5BFD4005E849C /* RotatingDrag.app */;
			productType = "com.apple.product-type.application";
		};
		6F1702B425A5BFD5005E849C /* RotatingDragTests */ = {
			isa = PBXNativeTarget;
			buildConfigurationList = 6F1702CC25A5BFD5005E849C /* Build configuration list for PBXNativeTarget "RotatingDragTests" */;
			buildPhases = (
				6F1702B125A5BFD5005E849C /* Sources */,
				6F1702B225A5BFD5005E849C /* Frameworks */,
				6F1702B325A5BFD5005E849C /* Resources */,
			);
			buildRules = (
			);
			dependencies = (
				6F1702B725A5BFD5005E849C /* PBXTargetDependency */,
			);
			name = RotatingDragTests;
			productName = RotatingDragTests;
			productReference = 6F1702B525A5BFD5005E849C /* RotatingDragTests.xctest */;
			productType = "com.apple.product-type.bundle.unit-test";
		};
		6F1702BF25A5BFD5005E849C /* RotatingDragUITests */ = {
			isa = PBXNativeTarget;
			buildConfigurationList = 6F1702CF25A5BFD5005E849C /* Build configuration list for PBXNativeTarget "RotatingDragUITests" */;
			buildPhases = (
				6F1702BC25A5BFD5005E849C /* Sources */,
				6F1702BD25A5BFD5005E849C /* Frameworks */,
				6F1702BE25A5BFD5005E849C /* Resources */,
			);
			buildRules = (
			);
			dependencies = (
				6F1702C225A5BFD5005E849C /* PBXTargetDependency */,
			);
			name = RotatingDragUITests;
			productName = RotatingDragUITests;
			productReference = 6F1702C025A5BFD5005E849C /* RotatingDragUITests.xctest */;
			productType = "com.apple.product-type.bundle.ui-testing";
		};
/* End PBXNativeTarget section */

/* Begin PBXProject section */
		6F17029C25A5BFD4005E849C /* Project object */ = {
			isa = PBXProject;
			attributes = {
				LastSwiftUpdateCheck = 1220;
				LastUpgradeCheck = 1220;
				TargetAttributes = {
					6F1702A325A5BFD4005E849C = {
						CreatedOnToolsVersion = 12.2;
					};
					6F1702B425A5BFD5005E849C = {
						CreatedOnToolsVersion = 12.2;
						TestTargetID = 6F1702A325A5BFD4005E849C;
					};
					6F1702BF25A5BFD5005E849C = {
						CreatedOnToolsVersion = 12.2;
						TestTargetID = 6F1702A325A5BFD4005E849C;
					};
				};
			};
			buildConfigurationList = 6F17029F25A5BFD4005E849C /* Build configuration list for PBXProject "RotatingDrag" */;
			compatibilityVersion = "Xcode 9.3";
			developmentRegion = en;
			hasScannedForEncodings = 0;
			knownRegions = (
				en,
				Base,
			);
			mainGroup = 6F17029B25A5BFD4005E849C;
			productRefGroup = 6F1702A525A5BFD4005E849C /* Products */;
			projectDirPath = "";
			projectRoot = "";
			targets = (
				6F1702A325A5BFD4005E849C /* RotatingDrag */,
				6F1702B425A5BFD5005E849C /* RotatingDragTests */,
				6F1702BF25A5BFD5005E849C /* RotatingDragUITests */,
			);
		};
/* End PBXProject section */

/* Begin PBXResourcesBuildPhase section */
		6F1702A225A5BFD4005E849C /* Resources */ = {
			isa = PBXResourcesBuildPhase;
			buildActionMask = 2147483647;
			files = (
				6F1702AF25A5BFD5005E849C /* Preview Assets.xcassets in Resources */,
				6F1702AC25A5BFD5005E849C /* Assets.xcassets in Resources */,
			);
			runOnlyForDeploymentPostprocessing = 0;
		};
		6F1702B325A5BFD5005E849C /* Resources */ = {
			isa = PBXResourcesBuildPhase;
			buildActionMask = 2147483647;
			files = (
			);
			runOnlyForDeploymentPostprocessing = 0;
		};
		6F1702BE25A5BFD5005E849C /* Resources */ = {
			isa = PBXResourcesBuildPhase;
			buildActionMask = 2147483647;
			files = (
			);
			runOnlyForDeploymentPostprocessing = 0;
		};
/* End PBXResourcesBuildPhase section */

/* Begin PBXSourcesBuildPhase section */
		6F1702A025A5BFD4005E849C /* Sources */ = {
			isa = PBXSourcesBuildPhase;
			buildActionMask = 2147483647;
			files = (
				6F1702AA25A5BFD4005E849C /* ContentView.swift in Sources */,
				6F1702D625A5BFFB005E849C /* KnobView.swift in Sources */,
				6F1702A825A5BFD4005E849C /* RotatingDragApp.swift in Sources */,
			);
			runOnlyForDeploymentPostprocessing = 0;
		};
		6F1702B125A5BFD5005E849C /* Sources */ = {
			isa = PBXSourcesBuildPhase;
			buildActionMask = 2147483647;
			files = (
				6F1702BA25A5BFD5005E849C /* RotatingDragTests.swift in Sources */,
			);
			runOnlyForDeploymentPostprocessing = 0;
		};
		6F1702BC25A5BFD5005E849C /* Sources */ = {
			isa = PBXSourcesBuildPhase;
			buildActionMask = 2147483647;
			files = (
				6F1702C525A5BFD5005E849C /* RotatingDragUITests.swift in Sources */,
			);
			runOnlyForDeploymentPostprocessing = 0;
		};
/* End PBXSourcesBuildPhase section */

/* Begin PBXTargetDependency section */
		6F1702B725A5BFD5005E849C /* PBXTargetDependency */ = {
			isa = PBXTargetDependency;
			target = 6F1702A325A5BFD4005E849C /* RotatingDrag */;
			targetProxy = 6F1702B625A5BFD5005E849C /* PBXContainerItemProxy */;
		};
		6F1702C225A5BFD5005E849C /* PBXTargetDependency */ = {
			isa = PBXTargetDependency;
			target = 6F1702A325A5BFD4005E849C /* RotatingDrag */;
			targetProxy = 6F1702C125A5BFD5005E849C /* PBXContainerItemProxy */;
		};
/* End PBXTargetDependency section */

/* Begin XCBuildConfiguration section */
		6F1702C725A5BFD5005E849C /* Debug */ = {
			isa = XCBuildConfiguration;
			buildSettings = {
				ALWAYS_SEARCH_USER_PATHS = NO;
				CLANG_ANALYZER_NONNULL = YES;
				CLANG_ANALYZER_NUMBER_OBJECT_CONVERSION = YES_AGGRESSIVE;
				CLANG_CXX_LANGUAGE_STANDARD = "gnu++14";
				CLANG_CXX_LIBRARY = "libc++";
				CLANG_ENABLE_MODULES = YES;
				CLANG_ENABLE_OBJC_ARC = YES;
				CLANG_ENABLE_OBJC_WEAK = YES;
				CLANG_WARN_BLOCK_CAPTURE_AUTORELEASING = YES;
				CLANG_WARN_BOOL_CONVERSION = YES;
				CLANG_WARN_COMMA = YES;
				CLANG_WARN_CONSTANT_CONVERSION = YES;
				CLANG_WARN_DEPRECATED_OBJC_IMPLEMENTATIONS = YES;
				CLANG_WARN_DIRECT_OBJC_ISA_USAGE = YES_ERROR;
				CLANG_WARN_DOCUMENTATION_COMMENTS = YES;
				CLANG_WARN_EMPTY_BODY = YES;
				CLANG_WARN_ENUM_CONVERSION = YES;
				CLANG_WARN_INFINITE_RECURSION = YES;
				CLANG_WARN_INT_CONVERSION = YES;
				CLANG_WARN_NON_LITERAL_NULL_CONVERSION = YES;
				CLANG_WARN_OBJC_IMPLICIT_RETAIN_SELF = YES;
				CLANG_WARN_OBJC_LITERAL_CONVERSION = YES;
				CLANG_WARN_OBJC_ROOT_CLASS = YES_ERROR;
				CLANG_WARN_QUOTED_INCLUDE_IN_FRAMEWORK_HEADER = YES;
				CLANG_WARN_RANGE_LOOP_ANALYSIS = YES;
				CLANG_WARN_STRICT_PROTOTYPES = YES;
				CLANG_WARN_SUSPICIOUS_MOVE = YES;
				CLANG_WARN_UNGUARDED_AVAILABILITY = YES_AGGRESSIVE;
				CLANG_WARN_UNREACHABLE_CODE = YES;
				CLANG_WARN__DUPLICATE_METHOD_MATCH = YES;
				COPY_PHASE_STRIP = NO;
				DEBUG_INFORMATION_FORMAT = dwarf;
				ENABLE_STRICT_OBJC_MSGSEND = YES;
				ENABLE_TESTABILITY = YES;
				GCC_C_LANGUAGE_STANDARD = gnu11;
				GCC_DYNAMIC_NO_PIC = NO;
				GCC_NO_COMMON_BLOCKS = YES;
				GCC_OPTIMIZATION_LEVEL = 0;
				GCC_PREPROCESSOR_DEFINITIONS = (
					"DEBUG=1",
					"$(inherited)",
				);
				GCC_WARN_64_TO_32_BIT_CONVERSION = YES;
				GCC_WARN_ABOUT_RETURN_TYPE = YES_ERROR;
				GCC_WARN_UNDECLARED_SELECTOR = YES;
				GCC_WARN_UNINITIALIZED_AUTOS = YES_AGGRESSIVE;
				GCC_WARN_UNUSED_FUNCTION = YES;
				GCC_WARN_UNUSED_VARIABLE = YES;
				IPHONEOS_DEPLOYMENT_TARGET = 14.2;
				MTL_ENABLE_DEBUG_INFO = INCLUDE_SOURCE;
				MTL_FAST_MATH = YES;
				ONLY_ACTIVE_ARCH = YES;
				SDKROOT = iphoneos;
				SWIFT_ACTIVE_COMPILATION_CONDITIONS = DEBUG;
				SWIFT_OPTIMIZATION_LEVEL = "-Onone";
			};
			name = Debug;
		};
		6F1702C825A5BFD5005E849C /* Release */ = {
			isa = XCBuildConfiguration;
			buildSettings = {
				ALWAYS_SEARCH_USER_PATHS = NO;
				CLANG_ANALYZER_NONNULL = YES;
				CLANG_ANALYZER_NUMBER_OBJECT_CONVERSION = YES_AGGRESSIVE;
				CLANG_CXX_LANGUAGE_STANDARD = "gnu++14";
				CLANG_CXX_LIBRARY = "libc++";
				CLANG_ENABLE_MODULES = YES;
				CLANG_ENABLE_OBJC_ARC = YES;
				CLANG_ENABLE_OBJC_WEAK = YES;
				CLANG_WARN_BLOCK_CAPTURE_AUTORELEASING = YES;
				CLANG_WARN_BOOL_CONVERSION = YES;
				CLANG_WARN_COMMA = YES;
				CLANG_WARN_CONSTANT_CONVERSION = YES;
				CLANG_WARN_DEPRECATED_OBJC_IMPLEMENTATIONS = YES;
				CLANG_WARN_DIRECT_OBJC_ISA_USAGE = YES_ERROR;
				CLANG_WARN_DOCUMENTATION_COMMENTS = YES;
				CLANG_WARN_EMPTY_BODY = YES;
				CLANG_WARN_ENUM_CONVERSION = YES;
				CLANG_WARN_INFINITE_RECURSION = YES;
				CLANG_WARN_INT_CONVERSION = YES;
				CLANG_WARN_NON_LITERAL_NULL_CONVERSION = YES;
				CLANG_WARN_OBJC_IMPLICIT_RETAIN_SELF = YES;
				CLANG_WARN_OBJC_LITERAL_CONVERSION = YES;
				CLANG_WARN_OBJC_ROOT_CLASS = YES_ERROR;
				CLANG_WARN_QUOTED_INCLUDE_IN_FRAMEWORK_HEADER = YES;
				CLANG_WARN_RANGE_LOOP_ANALYSIS = YES;
				CLANG_WARN_STRICT_PROTOTYPES = YES;
				CLANG_WARN_SUSPICIOUS_MOVE = YES;
				CLANG_WARN_UNGUARDED_AVAILABILITY = YES_AGGRESSIVE;
				CLANG_WARN_UNREACHABLE_CODE = YES;
				CLANG_WARN__DUPLICATE_METHOD_MATCH = YES;
				COPY_PHASE_STRIP = NO;
				DEBUG_INFORMATION_FORMAT = "dwarf-with-dsym";
				ENABLE_NS_ASSERTIONS = NO;
				ENABLE_STRICT_OBJC_MSGSEND = YES;
				GCC_C_LANGUAGE_STANDARD = gnu11;
				GCC_NO_COMMON_BLOCKS = YES;
				GCC_WARN_64_TO_32_BIT_CONVERSION = YES;
				GCC_WARN_ABOUT_RETURN_TYPE = YES_ERROR;
				GCC_WARN_UNDECLARED_SELECTOR = YES;
				GCC_WARN_UNINITIALIZED_AUTOS = YES_AGGRESSIVE;
				GCC_WARN_UNUSED_FUNCTION = YES;
				GCC_WARN_UNUSED_VARIABLE = YES;
				IPHONEOS_DEPLOYMENT_TARGET = 14.2;
				MTL_ENABLE_DEBUG_INFO = NO;
				MTL_FAST_MATH = YES;
				SDKROOT = iphoneos;
				SWIFT_COMPILATION_MODE = wholemodule;
				SWIFT_OPTIMIZATION_LEVEL = "-O";
				VALIDATE_PRODUCT = YES;
			};
			name = Release;
		};
		6F1702CA25A5BFD5005E849C /* Debug */ = {
			isa = XCBuildConfiguration;
			buildSettings = {
				ASSETCATALOG_COMPILER_APPICON_NAME = AppIcon;
				ASSETCATALOG_COMPILER_GLOBAL_ACCENT_COLOR_NAME = AccentColor;
				CODE_SIGN_STYLE = Automatic;
				DEVELOPMENT_ASSET_PATHS = "\"RotatingDrag/Preview Content\"";
				DEVELOPMENT_TEAM = 8A74777946;
				ENABLE_PREVIEWS = YES;
				INFOPLIST_FILE = RotatingDrag/Info.plist;
				IPHONEOS_DEPLOYMENT_TARGET = 14.0;
				LD_RUNPATH_SEARCH_PATHS = (
					"$(inherited)",
					"@executable_path/Frameworks",
				);
				PRODUCT_BUNDLE_IDENTIFIER = "Gustav-Neustadt.RotatingDrag";
				PRODUCT_NAME = "$(TARGET_NAME)";
				SWIFT_VERSION = 5.0;
				TARGETED_DEVICE_FAMILY = "1,2";
			};
			name = Debug;
		};
		6F1702CB25A5BFD5005E849C /* Release */ = {
			isa = XCBuildConfiguration;
			buildSettings = {
				ASSETCATALOG_COMPILER_APPICON_NAME = AppIcon;
				ASSETCATALOG_COMPILER_GLOBAL_ACCENT_COLOR_NAME = AccentColor;
				CODE_SIGN_STYLE = Automatic;
				DEVELOPMENT_ASSET_PATHS = "\"RotatingDrag/Preview Content\"";
				DEVELOPMENT_TEAM = 8A74777946;
				ENABLE_PREVIEWS = YES;
				INFOPLIST_FILE = RotatingDrag/Info.plist;
				IPHONEOS_DEPLOYMENT_TARGET = 14.0;
				LD_RUNPATH_SEARCH_PATHS = (
					"$(inherited)",
					"@executable_path/Frameworks",
				);
				PRODUCT_BUNDLE_IDENTIFIER = "Gustav-Neustadt.RotatingDrag";
				PRODUCT_NAME = "$(TARGET_NAME)";
				SWIFT_VERSION = 5.0;
				TARGETED_DEVICE_FAMILY = "1,2";
			};
			name = Release;
		};
		6F1702CD25A5BFD5005E849C /* Debug */ = {
			isa = XCBuildConfiguration;
			buildSettings = {
				ALWAYS_EMBED_SWIFT_STANDARD_LIBRARIES = YES;
				BUNDLE_LOADER = "$(TEST_HOST)";
				CODE_SIGN_STYLE = Automatic;
				DEVELOPMENT_TEAM = 8A74777946;
				INFOPLIST_FILE = RotatingDragTests/Info.plist;
				IPHONEOS_DEPLOYMENT_TARGET = 14.0;
				LD_RUNPATH_SEARCH_PATHS = (
					"$(inherited)",
					"@executable_path/Frameworks",
					"@loader_path/Frameworks",
				);
				PRODUCT_BUNDLE_IDENTIFIER = "Gustav-Neustadt.RotatingDragTests";
				PRODUCT_NAME = "$(TARGET_NAME)";
				SWIFT_VERSION = 5.0;
				TARGETED_DEVICE_FAMILY = "1,2";
				TEST_HOST = "$(BUILT_PRODUCTS_DIR)/RotatingDrag.app/RotatingDrag";
			};
			name = Debug;
		};
		6F1702CE25A5BFD5005E849C /* Release */ = {
			isa = XCBuildConfiguration;
			buildSettings = {
				ALWAYS_EMBED_SWIFT_STANDARD_LIBRARIES = YES;
				BUNDLE_LOADER = "$(TEST_HOST)";
				CODE_SIGN_STYLE = Automatic;
				DEVELOPMENT_TEAM = 8A74777946;
				INFOPLIST_FILE = RotatingDragTests/Info.plist;
				IPHONEOS_DEPLOYMENT_TARGET = 14.0;
				LD_RUNPATH_SEARCH_PATHS = (
					"$(inherited)",
					"@executable_path/Frameworks",
					"@loader_path/Frameworks",
				);
				PRODUCT_BUNDLE_IDENTIFIER = "Gustav-Neustadt.RotatingDragTests";
				PRODUCT_NAME = "$(TARGET_NAME)";
				SWIFT_VERSION = 5.0;
				TARGETED_DEVICE_FAMILY = "1,2";
				TEST_HOST = "$(BUILT_PRODUCTS_DIR)/RotatingDrag.app/RotatingDrag";
			};
			name = Release;
		};
		6F1702D025A5BFD5005E849C /* Debug */ = {
			isa = XCBuildConfiguration;
			buildSettings = {
				ALWAYS_EMBED_SWIFT_STANDARD_LIBRARIES = YES;
				CODE_SIGN_STYLE = Automatic;
				DEVELOPMENT_TEAM = 8A74777946;
				INFOPLIST_FILE = RotatingDragUITests/Info.plist;
				LD_RUNPATH_SEARCH_PATHS = (
					"$(inherited)",
					"@executable_path/Frameworks",
					"@loader_path/Frameworks",
				);
				PRODUCT_BUNDLE_IDENTIFIER = "Gustav-Neustadt.RotatingDragUITests";
				PRODUCT_NAME = "$(TARGET_NAME)";
				SWIFT_VERSION = 5.0;
				TARGETED_DEVICE_FAMILY = "1,2";
				TEST_TARGET_NAME = RotatingDrag;
			};
			name = Debug;
		};
		6F1702D125A5BFD5005E849C /* Release */ = {
			isa = XCBuildConfiguration;
			buildSettings = {
				ALWAYS_EMBED_SWIFT_STANDARD_LIBRARIES = YES;
				CODE_SIGN_STYLE = Automatic;
				DEVELOPMENT_TEAM = 8A74777946;
				INFOPLIST_FILE = RotatingDragUITests/Info.plist;
				LD_RUNPATH_SEARCH_PATHS = (
					"$(inherited)",
					"@executable_path/Frameworks",
					"@loader_path/Frameworks",
				);
				PRODUCT_BUNDLE_IDENTIFIER = "Gustav-Neustadt.RotatingDragUITests";
				PRODUCT_NAME = "$(TARGET_NAME)";
				SWIFT_VERSION = 5.0;
				TARGETED_DEVICE_FAMILY = "1,2";
				TEST_TARGET_NAME = RotatingDrag;
			};
			name = Release;
		};
/* End XCBuildConfiguration section */

/* Begin XCConfigurationList section */
		6F17029F25A5BFD4005E849C /* Build configuration list for PBXProject "RotatingDrag" */ = {
			isa = XCConfigurationList;
			buildConfigurations = (
				6F1702C725A5BFD5005E849C /* Debug */,
				6F1702C825A5BFD5005E849C /* Release */,
			);
			defaultConfigurationIsVisible = 0;
			defaultConfigurationName = Release;
		};
		6F1702C925A5BFD5005E849C /* Build configuration list for PBXNativeTarget "RotatingDrag" */ = {
			isa = XCConfigurationList;
			buildConfigurations = (
				6F1702CA25A5BFD5005E849C /* Debug */,
				6F1702CB25A5BFD5005E849C /* Release */,
			);
			defaultConfigurationIsVisible = 0;
			defaultConfigurationName = Release;
		};
		6F1702CC25A5BFD5005E849C /* Build configuration list for PBXNativeTarget "RotatingDragTests" */ = {
			isa = XCConfigurationList;
			buildConfigurations = (
				6F1702CD25A5BFD5005E849C /* Debug */,
				6F1702CE25A5BFD5005E849C /* Release */,
			);
			defaultConfigurationIsVisible = 0;
			defaultConfigurationName = Release;
		};
		6F1702CF25A5BFD5005E849C /* Build configuration list for PBXNativeTarget "RotatingDragUITests" */ = {
			isa = XCConfigurationList;
			buildConfigurations = (
				6F1702D025A5BFD5005E849C /* Debug */,
				6F1702D125A5BFD5005E849C /* Release */,
			);
			defaultConfigurationIsVisible = 0;
			defaultConfigurationName = Release;
		};
/* End XCConfigurationList section */
	};
	rootObject = 6F17029C25A5BFD4005E849C /* Project object */;
}
